
Microsoft Visual Studio Solution File, Format Version 12.00
# Visual Studio Version 16
VisualStudioVersion = 16.0.30204.135
MinimumVisualStudioVersion = 10.0.40219.1
Project("{9A19103F-16F7-4668-BE54-9A1E7A4F7556}") = "DemoApp", "DemoApp\DemoApp.csproj", "{537F4AE2-0623-4770-BB71-464A3936C3CD}"
EndProject
Project("{9A19103F-16F7-4668-BE54-9A1E7A4F7556}") = "DemoApp.Functions", "DemoApp.Functions\DemoApp.Functions.csproj", "{12FDE31D-E5D7-4F73-ACAB-F3DB67AC45CF}"
EndProject
Project("{9A19103F-16F7-4668-BE54-9A1E7A4F7556}") = "DemoApp.UnitTestable", "DemoApp.UnitTestable\DemoApp.UnitTestable.csproj", "{2EAA16B9-674F-4492-B0AD-0C9CDC5EAC1C}"
EndProject
Project("{2150E333-8FDC-42A3-9474-1A3956D46DE8}") = "02. Functions", "02. Functions", "{6FE69052-B395-4D70-97EC-A91A9D7A58C7}"
EndProject
Project("{2150E333-8FDC-42A3-9474-1A3956D46DE8}") = "01. UnitTestable", "01. UnitTestable", "{6738E052-BBD6-47E1-9DFE-E5FA0532C0B7}"
EndProject
Project("{9A19103F-16F7-4668-BE54-9A1E7A4F7556}") = "DemoApp.UnitTestable.Tests", "DemoApp.UnitTestable.Tests\DemoApp.UnitTestable.Tests.csproj", "{0B13CBD4-C33A-41A1-8B30-0045C9D86294}"
EndProject
Project("{9A19103F-16F7-4668-BE54-9A1E7A4F7556}") = "DemoApp.Functions.Tests", "DemoApp.Functions.Tests\DemoApp.Functions.Tests.csproj", "{65A09466-9444-41E2-9129-64904F0F58C7}"
EndProject
Project("{2150E333-8FDC-42A3-9474-1A3956D46DE8}") = "03. SideEffects Free", "03. SideEffects Free", "{5F3A4A53-D29C-4D00-9119-EC5EA17F10E5}"
EndProject
Project("{9A19103F-16F7-4668-BE54-9A1E7A4F7556}") = "DemoApp.SideEffectsFree", "DemoApp.SideEffectsFree\DemoApp.SideEffectsFree.csproj", "{7E319FF9-658C-437E-A5FB-8F4A355430AE}"
EndProject
Project("{9A19103F-16F7-4668-BE54-9A1E7A4F7556}") = "DemoApp.Infra", "DemoApp.Infra\DemoApp.Infra.csproj", "{C23644E6-CB5B-47C0-86F9-39E07EE15153}"
EndProject
Project("{2150E333-8FDC-42A3-9474-1A3956D46DE8}") = "00. Generic", "00. Generic", "{9EC6197B-863F-4CBF-AD9B-8AA747884C57}"
EndProject
Project("{9A19103F-16F7-4668-BE54-9A1E7A4F7556}") = "DemoApp.Infra.Tests", "DemoApp.Infra.Tests\DemoApp.Infra.Tests.csproj", "{7A1A0A12-B587-4CA9-94CC-EA1FF301F041}"
EndProject
Project("{9A19103F-16F7-4668-BE54-9A1E7A4F7556}") = "DemoApp.SideEffectsFree.Tests", "DemoApp.SideEffectsFree.Tests\DemoApp.SideEffectsFree.Tests.csproj", "{13CF05BA-CF20-4B9E-8E3D-6CED23930987}"
EndProject
Project("{2150E333-8FDC-42A3-9474-1A3956D46DE8}") = "04. Classes", "04. Classes", "{5E59297F-D559-4570-9623-DAC9FD86A8F7}"
EndProject
Project("{FAE04EC0-301F-11D3-BF4B-00C04F79EFBC}") = "DemoApp.Classes", "DemoApp.Classes\DemoApp.Classes.csproj", "{C5A4AFD8-197A-47D5-BAD3-A7EBBE92BEF4}"
EndProject
Project("{FAE04EC0-301F-11D3-BF4B-00C04F79EFBC}") = "DemoApp.Classes.Tests", "DemoApp.Classes.Tests\DemoApp.Classes.Tests.csproj", "{0D98FF76-D4F8-46A2-99A5-251C1B3419CC}"
EndProject
Global
	GlobalSection(SolutionConfigurationPlatforms) = preSolution
		Debug|Any CPU = Debug|Any CPU
		Release|Any CPU = Release|Any CPU
	EndGlobalSection
	GlobalSection(ProjectConfigurationPlatforms) = postSolution
		{537F4AE2-0623-4770-BB71-464A3936C3CD}.Debug|Any CPU.ActiveCfg = Debug|Any CPU
		{537F4AE2-0623-4770-BB71-464A3936C3CD}.Debug|Any CPU.Build.0 = Debug|Any CPU
		{537F4AE2-0623-4770-BB71-464A3936C3CD}.Release|Any CPU.ActiveCfg = Release|Any CPU
		{537F4AE2-0623-4770-BB71-464A3936C3CD}.Release|Any CPU.Build.0 = Release|Any CPU
		{12FDE31D-E5D7-4F73-ACAB-F3DB67AC45CF}.Debug|Any CPU.ActiveCfg = Debug|Any CPU
		{12FDE31D-E5D7-4F73-ACAB-F3DB67AC45CF}.Debug|Any CPU.Build.0 = Debug|Any CPU
		{12FDE31D-E5D7-4F73-ACAB-F3DB67AC45CF}.Release|Any CPU.ActiveCfg = Release|Any CPU
		{12FDE31D-E5D7-4F73-ACAB-F3DB67AC45CF}.Release|Any CPU.Build.0 = Release|Any CPU
		{2EAA16B9-674F-4492-B0AD-0C9CDC5EAC1C}.Debug|Any CPU.ActiveCfg = Debug|Any CPU
		{2EAA16B9-674F-4492-B0AD-0C9CDC5EAC1C}.Debug|Any CPU.Build.0 = Debug|Any CPU
		{2EAA16B9-674F-4492-B0AD-0C9CDC5EAC1C}.Release|Any CPU.ActiveCfg = Release|Any CPU
		{2EAA16B9-674F-4492-B0AD-0C9CDC5EAC1C}.Release|Any CPU.Build.0 = Release|Any CPU
		{0B13CBD4-C33A-41A1-8B30-0045C9D86294}.Debug|Any CPU.ActiveCfg = Debug|Any CPU
		{0B13CBD4-C33A-41A1-8B30-0045C9D86294}.Debug|Any CPU.Build.0 = Debug|Any CPU
		{0B13CBD4-C33A-41A1-8B30-0045C9D86294}.Release|Any CPU.ActiveCfg = Release|Any CPU
		{0B13CBD4-C33A-41A1-8B30-0045C9D86294}.Release|Any CPU.Build.0 = Release|Any CPU
		{65A09466-9444-41E2-9129-64904F0F58C7}.Debug|Any CPU.ActiveCfg = Debug|Any CPU
		{65A09466-9444-41E2-9129-64904F0F58C7}.Debug|Any CPU.Build.0 = Debug|Any CPU
		{65A09466-9444-41E2-9129-64904F0F58C7}.Release|Any CPU.ActiveCfg = Release|Any CPU
		{65A09466-9444-41E2-9129-64904F0F58C7}.Release|Any CPU.Build.0 = Release|Any CPU
		{7E319FF9-658C-437E-A5FB-8F4A355430AE}.Debug|Any CPU.ActiveCfg = Debug|Any CPU
		{7E319FF9-658C-437E-A5FB-8F4A355430AE}.Debug|Any CPU.Build.0 = Debug|Any CPU
		{7E319FF9-658C-437E-A5FB-8F4A355430AE}.Release|Any CPU.ActiveCfg = Release|Any CPU
		{7E319FF9-658C-437E-A5FB-8F4A355430AE}.Release|Any CPU.Build.0 = Release|Any CPU
		{C23644E6-CB5B-47C0-86F9-39E07EE15153}.Debug|Any CPU.ActiveCfg = Debug|Any CPU
		{C23644E6-CB5B-47C0-86F9-39E07EE15153}.Debug|Any CPU.Build.0 = Debug|Any CPU
		{C23644E6-CB5B-47C0-86F9-39E07EE15153}.Release|Any CPU.ActiveCfg = Release|Any CPU
		{C23644E6-CB5B-47C0-86F9-39E07EE15153}.Release|Any CPU.Build.0 = Release|Any CPU
		{7A1A0A12-B587-4CA9-94CC-EA1FF301F041}.Debug|Any CPU.ActiveCfg = Debug|Any CPU
		{7A1A0A12-B587-4CA9-94CC-EA1FF301F041}.Debug|Any CPU.Build.0 = Debug|Any CPU
		{7A1A0A12-B587-4CA9-94CC-EA1FF301F041}.Release|Any CPU.ActiveCfg = Release|Any CPU
		{7A1A0A12-B587-4CA9-94CC-EA1FF301F041}.Release|Any CPU.Build.0 = Release|Any CPU
		{13CF05BA-CF20-4B9E-8E3D-6CED23930987}.Debug|Any CPU.ActiveCfg = Debug|Any CPU
		{13CF05BA-CF20-4B9E-8E3D-6CED23930987}.Debug|Any CPU.Build.0 = Debug|Any CPU
		{13CF05BA-CF20-4B9E-8E3D-6CED23930987}.Release|Any CPU.ActiveCfg = Release|Any CPU
		{13CF05BA-CF20-4B9E-8E3D-6CED23930987}.Release|Any CPU.Build.0 = Release|Any CPU
		{C5A4AFD8-197A-47D5-BAD3-A7EBBE92BEF4}.Debug|Any CPU.ActiveCfg = Debug|Any CPU
		{C5A4AFD8-197A-47D5-BAD3-A7EBBE92BEF4}.Debug|Any CPU.Build.0 = Debug|Any CPU
		{C5A4AFD8-197A-47D5-BAD3-A7EBBE92BEF4}.Release|Any CPU.ActiveCfg = Release|Any CPU
		{C5A4AFD8-197A-47D5-BAD3-A7EBBE92BEF4}.Release|Any CPU.Build.0 = Release|Any CPU
		{0D98FF76-D4F8-46A2-99A5-251C1B3419CC}.Debug|Any CPU.ActiveCfg = Debug|Any CPU
		{0D98FF76-D4F8-46A2-99A5-251C1B3419CC}.Debug|Any CPU.Build.0 = Debug|Any CPU
		{0D98FF76-D4F8-46A2-99A5-251C1B3419CC}.Release|Any CPU.ActiveCfg = Release|Any CPU
		{0D98FF76-D4F8-46A2-99A5-251C1B3419CC}.Release|Any CPU.Build.0 = Release|Any CPU
	EndGlobalSection
	GlobalSection(SolutionProperties) = preSolution
		HideSolutionNode = FALSE
	EndGlobalSection
	GlobalSection(NestedProjects) = preSolution
		{12FDE31D-E5D7-4F73-ACAB-F3DB67AC45CF} = {6FE69052-B395-4D70-97EC-A91A9D7A58C7}
		{2EAA16B9-674F-4492-B0AD-0C9CDC5EAC1C} = {6738E052-BBD6-47E1-9DFE-E5FA0532C0B7}
		{0B13CBD4-C33A-41A1-8B30-0045C9D86294} = {6738E052-BBD6-47E1-9DFE-E5FA0532C0B7}
		{65A09466-9444-41E2-9129-64904F0F58C7} = {6FE69052-B395-4D70-97EC-A91A9D7A58C7}
		{7E319FF9-658C-437E-A5FB-8F4A355430AE} = {5F3A4A53-D29C-4D00-9119-EC5EA17F10E5}
		{C23644E6-CB5B-47C0-86F9-39E07EE15153} = {9EC6197B-863F-4CBF-AD9B-8AA747884C57}
		{7A1A0A12-B587-4CA9-94CC-EA1FF301F041} = {9EC6197B-863F-4CBF-AD9B-8AA747884C57}
		{13CF05BA-CF20-4B9E-8E3D-6CED23930987} = {5F3A4A53-D29C-4D00-9119-EC5EA17F10E5}
		{C5A4AFD8-197A-47D5-BAD3-A7EBBE92BEF4} = {5E59297F-D559-4570-9623-DAC9FD86A8F7}
		{0D98FF76-D4F8-46A2-99A5-251C1B3419CC} = {5E59297F-D559-4570-9623-DAC9FD86A8F7}
	EndGlobalSection
	GlobalSection(ExtensibilityGlobals) = postSolution
		SolutionGuid = {6C82F46A-C288-42DE-867E-2DBFCF303F9C}
	EndGlobalSection
EndGlobal
