
Microsoft Visual Studio Solution File, Format Version 12.00
# Visual Studio Version 16
VisualStudioVersion = 16.0.30204.135
MinimumVisualStudioVersion = 10.0.40219.1
Project("{9A19103F-16F7-4668-BE54-9A1E7A4F7556}") = "DemoApp", "DemoApp\DemoApp.csproj", "{537F4AE2-0623-4770-BB71-464A3936C3CD}"
EndProject
Project("{FAE04EC0-301F-11D3-BF4B-00C04F79EFBC}") = "DemoApp.Functions", "DemoApp.Functions\DemoApp.Functions.csproj", "{12FDE31D-E5D7-4F73-ACAB-F3DB67AC45CF}"
EndProject
Project("{FAE04EC0-301F-11D3-BF4B-00C04F79EFBC}") = "DemoApp.UnitTestable", "DemoApp.UnitTestable\DemoApp.UnitTestable.csproj", "{2EAA16B9-674F-4492-B0AD-0C9CDC5EAC1C}"
EndProject
Global
	GlobalSection(SolutionConfigurationPlatforms) = preSolution
		Debug|Any CPU = Debug|Any CPU
		Release|Any CPU = Release|Any CPU
	EndGlobalSection
	GlobalSection(ProjectConfigurationPlatforms) = postSolution
		{537F4AE2-0623-4770-BB71-464A3936C3CD}.Debug|Any CPU.ActiveCfg = Debug|Any CPU
		{537F4AE2-0623-4770-BB71-464A3936C3CD}.Debug|Any CPU.Build.0 = Debug|Any CPU
		{537F4AE2-0623-4770-BB71-464A3936C3CD}.Release|Any CPU.ActiveCfg = Release|Any CPU
		{537F4AE2-0623-4770-BB71-464A3936C3CD}.Release|Any CPU.Build.0 = Release|Any CPU
		{12FDE31D-E5D7-4F73-ACAB-F3DB67AC45CF}.Debug|Any CPU.ActiveCfg = Debug|Any CPU
		{12FDE31D-E5D7-4F73-ACAB-F3DB67AC45CF}.Debug|Any CPU.Build.0 = Debug|Any CPU
		{12FDE31D-E5D7-4F73-ACAB-F3DB67AC45CF}.Release|Any CPU.ActiveCfg = Release|Any CPU
		{12FDE31D-E5D7-4F73-ACAB-F3DB67AC45CF}.Release|Any CPU.Build.0 = Release|Any CPU
		{2EAA16B9-674F-4492-B0AD-0C9CDC5EAC1C}.Debug|Any CPU.ActiveCfg = Debug|Any CPU
		{2EAA16B9-674F-4492-B0AD-0C9CDC5EAC1C}.Debug|Any CPU.Build.0 = Debug|Any CPU
		{2EAA16B9-674F-4492-B0AD-0C9CDC5EAC1C}.Release|Any CPU.ActiveCfg = Release|Any CPU
		{2EAA16B9-674F-4492-B0AD-0C9CDC5EAC1C}.Release|Any CPU.Build.0 = Release|Any CPU
	EndGlobalSection
	GlobalSection(SolutionProperties) = preSolution
		HideSolutionNode = FALSE
	EndGlobalSection
	GlobalSection(ExtensibilityGlobals) = postSolution
		SolutionGuid = {6C82F46A-C288-42DE-867E-2DBFCF303F9C}
	EndGlobalSection
EndGlobal
